
Microsoft Visual Studio Solution File, Format Version 12.00
# Visual Studio Version 17
VisualStudioVersion = 17.8.34525.116
MinimumVisualStudioVersion = 10.0.40219.1
Project("{8BC9CEB8-8B4A-11D0-8D11-00A0C91BC942}") = "HelloWorld", "HelloWorld\HelloWorld.vcxproj", "{14BEB318-C58D-42D4-9D02-8E31CC875282}"
EndProject
Global
	GlobalSection(SolutionConfigurationPlatforms) = preSolution
		Debug|x64 = Debug|x64
		Debug|x86 = Debug|x86
		Release|x64 = Release|x64
		Release|x86 = Release|x86
	EndGlobalSection
	GlobalSection(ProjectConfigurationPlatforms) = postSolution
		{14BEB318-C58D-42D4-9D02-8E31CC875282}.Debug|x64.ActiveCfg = Debug|x64
		{14BEB318-C58D-42D4-9D02-8E31CC875282}.Debug|x64.Build.0 = Debug|x64
		{14BEB318-C58D-42D4-9D02-8E31CC875282}.Debug|x86.ActiveCfg = Debug|Win32
		{14BEB318-C58D-42D4-9D02-8E31CC875282}.Debug|x86.Build.0 = Debug|Win32
		{14BEB318-C58D-42D4-9D02-8E31CC875282}.Release|x64.ActiveCfg = Release|x64
		{14BEB318-C58D-42D4-9D02-8E31CC875282}.Release|x64.Build.0 = Release|x64
		{14BEB318-C58D-42D4-9D02-8E31CC875282}.Release|x86.ActiveCfg = Release|Win32
		{14BEB318-C58D-42D4-9D02-8E31CC875282}.Release|x86.Build.0 = Release|Win32
	EndGlobalSection
	GlobalSection(SolutionProperties) = preSolution
		HideSolutionNode = FALSE
	EndGlobalSection
	GlobalSection(ExtensibilityGlobals) = postSolution
		SolutionGuid = {BBD7404C-B032-4BF9-80EE-C36F4A9E51BE}
	EndGlobalSection
EndGlobal
