
Microsoft Visual Studio Solution File, Format Version 12.00
# Visual Studio Version 17
VisualStudioVersion = 17.8.34525.116
MinimumVisualStudioVersion = 10.0.40219.1
Project("{8BC9CEB8-8B4A-11D0-8D11-00A0C91BC942}") = "c_basic", "c_basic\c_basic.vcxproj", "{39AE18E4-52FF-42AF-979F-EC272D09D3B7}"
EndProject
Project("{8BC9CEB8-8B4A-11D0-8D11-00A0C91BC942}") = "ch07HelloWorld", "ch07HelloWorld\ch07HelloWorld.vcxproj", "{E439C642-2E9B-4617-B70B-2E8CF941379A}"
EndProject
Project("{8BC9CEB8-8B4A-11D0-8D11-00A0C91BC942}") = "ch09StandardInputOutput", "ch09StandardInputOutput\ch09StandardInputOutput.vcxproj", "{08D2CDAE-851D-4D40-AE02-92A1C3EE81D1}"
EndProject
Project("{8BC9CEB8-8B4A-11D0-8D11-00A0C91BC942}") = "ch10Operator", "ch10Operator\ch10Operator.vcxproj", "{92B792DF-62A4-4D1C-84FB-F1CEAC6B8EA7}"
EndProject
Project("{8BC9CEB8-8B4A-11D0-8D11-00A0C91BC942}") = "ch11ControlStatement", "ch11ControlStatement\ch11ControlStatement.vcxproj", "{747DE65D-2691-4D2C-81F9-3A8FB0CCE7D4}"
EndProject
Global
	GlobalSection(SolutionConfigurationPlatforms) = preSolution
		Debug|x64 = Debug|x64
		Debug|x86 = Debug|x86
		Release|x64 = Release|x64
		Release|x86 = Release|x86
	EndGlobalSection
	GlobalSection(ProjectConfigurationPlatforms) = postSolution
		{39AE18E4-52FF-42AF-979F-EC272D09D3B7}.Debug|x64.ActiveCfg = Debug|x64
		{39AE18E4-52FF-42AF-979F-EC272D09D3B7}.Debug|x64.Build.0 = Debug|x64
		{39AE18E4-52FF-42AF-979F-EC272D09D3B7}.Debug|x86.ActiveCfg = Debug|Win32
		{39AE18E4-52FF-42AF-979F-EC272D09D3B7}.Debug|x86.Build.0 = Debug|Win32
		{39AE18E4-52FF-42AF-979F-EC272D09D3B7}.Release|x64.ActiveCfg = Release|x64
		{39AE18E4-52FF-42AF-979F-EC272D09D3B7}.Release|x64.Build.0 = Release|x64
		{39AE18E4-52FF-42AF-979F-EC272D09D3B7}.Release|x86.ActiveCfg = Release|Win32
		{39AE18E4-52FF-42AF-979F-EC272D09D3B7}.Release|x86.Build.0 = Release|Win32
		{E439C642-2E9B-4617-B70B-2E8CF941379A}.Debug|x64.ActiveCfg = Debug|x64
		{E439C642-2E9B-4617-B70B-2E8CF941379A}.Debug|x64.Build.0 = Debug|x64
		{E439C642-2E9B-4617-B70B-2E8CF941379A}.Debug|x86.ActiveCfg = Debug|Win32
		{E439C642-2E9B-4617-B70B-2E8CF941379A}.Debug|x86.Build.0 = Debug|Win32
		{E439C642-2E9B-4617-B70B-2E8CF941379A}.Release|x64.ActiveCfg = Release|x64
		{E439C642-2E9B-4617-B70B-2E8CF941379A}.Release|x64.Build.0 = Release|x64
		{E439C642-2E9B-4617-B70B-2E8CF941379A}.Release|x86.ActiveCfg = Release|Win32
		{E439C642-2E9B-4617-B70B-2E8CF941379A}.Release|x86.Build.0 = Release|Win32
		{08D2CDAE-851D-4D40-AE02-92A1C3EE81D1}.Debug|x64.ActiveCfg = Debug|x64
		{08D2CDAE-851D-4D40-AE02-92A1C3EE81D1}.Debug|x64.Build.0 = Debug|x64
		{08D2CDAE-851D-4D40-AE02-92A1C3EE81D1}.Debug|x86.ActiveCfg = Debug|Win32
		{08D2CDAE-851D-4D40-AE02-92A1C3EE81D1}.Debug|x86.Build.0 = Debug|Win32
		{08D2CDAE-851D-4D40-AE02-92A1C3EE81D1}.Release|x64.ActiveCfg = Release|x64
		{08D2CDAE-851D-4D40-AE02-92A1C3EE81D1}.Release|x64.Build.0 = Release|x64
		{08D2CDAE-851D-4D40-AE02-92A1C3EE81D1}.Release|x86.ActiveCfg = Release|Win32
		{08D2CDAE-851D-4D40-AE02-92A1C3EE81D1}.Release|x86.Build.0 = Release|Win32
		{92B792DF-62A4-4D1C-84FB-F1CEAC6B8EA7}.Debug|x64.ActiveCfg = Debug|x64
		{92B792DF-62A4-4D1C-84FB-F1CEAC6B8EA7}.Debug|x64.Build.0 = Debug|x64
		{92B792DF-62A4-4D1C-84FB-F1CEAC6B8EA7}.Debug|x86.ActiveCfg = Debug|Win32
		{92B792DF-62A4-4D1C-84FB-F1CEAC6B8EA7}.Debug|x86.Build.0 = Debug|Win32
		{92B792DF-62A4-4D1C-84FB-F1CEAC6B8EA7}.Release|x64.ActiveCfg = Release|x64
		{92B792DF-62A4-4D1C-84FB-F1CEAC6B8EA7}.Release|x64.Build.0 = Release|x64
		{92B792DF-62A4-4D1C-84FB-F1CEAC6B8EA7}.Release|x86.ActiveCfg = Release|Win32
		{92B792DF-62A4-4D1C-84FB-F1CEAC6B8EA7}.Release|x86.Build.0 = Release|Win32
		{747DE65D-2691-4D2C-81F9-3A8FB0CCE7D4}.Debug|x64.ActiveCfg = Debug|x64
		{747DE65D-2691-4D2C-81F9-3A8FB0CCE7D4}.Debug|x64.Build.0 = Debug|x64
		{747DE65D-2691-4D2C-81F9-3A8FB0CCE7D4}.Debug|x86.ActiveCfg = Debug|Win32
		{747DE65D-2691-4D2C-81F9-3A8FB0CCE7D4}.Debug|x86.Build.0 = Debug|Win32
		{747DE65D-2691-4D2C-81F9-3A8FB0CCE7D4}.Release|x64.ActiveCfg = Release|x64
		{747DE65D-2691-4D2C-81F9-3A8FB0CCE7D4}.Release|x64.Build.0 = Release|x64
		{747DE65D-2691-4D2C-81F9-3A8FB0CCE7D4}.Release|x86.ActiveCfg = Release|Win32
		{747DE65D-2691-4D2C-81F9-3A8FB0CCE7D4}.Release|x86.Build.0 = Release|Win32
	EndGlobalSection
	GlobalSection(SolutionProperties) = preSolution
		HideSolutionNode = FALSE
	EndGlobalSection
	GlobalSection(ExtensibilityGlobals) = postSolution
		SolutionGuid = {BE7E1DE2-E7B6-4F7F-B69F-366937C43A85}
	EndGlobalSection
EndGlobal
